
Microsoft Visual Studio Solution File, Format Version 12.00
# Visual Studio Version 17
VisualStudioVersion = 17.14.37111.16 d17.14
MinimumVisualStudioVersion = 10.0.40219.1
Project("{54A90642-561A-4BB1-A94E-469ADEE60C69}") = "itg_cafeteria.client", "itg_cafeteria.client\itg_cafeteria.client.esproj", "{986FDE63-3822-29D6-3337-1B96852172C1}"
EndProject
Project("{FAE04EC0-301F-11D3-BF4B-00C04F79EFBC}") = "ITG_Cafeteria.Server", "ITG_Cafeteria.Server\ITG_Cafeteria.Server.csproj", "{F81B246D-DB3B-477F-A9F9-10BC5C2ED3F1}"
EndProject
Global
	GlobalSection(SolutionConfigurationPlatforms) = preSolution
		Debug|Any CPU = Debug|Any CPU
		Release|Any CPU = Release|Any CPU
	EndGlobalSection
	GlobalSection(ProjectConfigurationPlatforms) = postSolution
		{986FDE63-3822-29D6-3337-1B96852172C1}.Debug|Any CPU.ActiveCfg = Debug|Any CPU
		{986FDE63-3822-29D6-3337-1B96852172C1}.Debug|Any CPU.Build.0 = Debug|Any CPU
		{986FDE63-3822-29D6-3337-1B96852172C1}.Debug|Any CPU.Deploy.0 = Debug|Any CPU
		{986FDE63-3822-29D6-3337-1B96852172C1}.Release|Any CPU.ActiveCfg = Release|Any CPU
		{986FDE63-3822-29D6-3337-1B96852172C1}.Release|Any CPU.Build.0 = Release|Any CPU
		{986FDE63-3822-29D6-3337-1B96852172C1}.Release|Any CPU.Deploy.0 = Release|Any CPU
		{F81B246D-DB3B-477F-A9F9-10BC5C2ED3F1}.Debug|Any CPU.ActiveCfg = Debug|Any CPU
		{F81B246D-DB3B-477F-A9F9-10BC5C2ED3F1}.Debug|Any CPU.Build.0 = Debug|Any CPU
		{F81B246D-DB3B-477F-A9F9-10BC5C2ED3F1}.Release|Any CPU.ActiveCfg = Release|Any CPU
		{F81B246D-DB3B-477F-A9F9-10BC5C2ED3F1}.Release|Any CPU.Build.0 = Release|Any CPU
	EndGlobalSection
	GlobalSection(SolutionProperties) = preSolution
		HideSolutionNode = FALSE
	EndGlobalSection
	GlobalSection(ExtensibilityGlobals) = postSolution
		SolutionGuid = {E2EC1D7C-20E7-4A67-A49B-F26B93F74037}
	EndGlobalSection
EndGlobal
